
Microsoft Visual Studio Solution File, Format Version 12.00
# Visual Studio Version 17
VisualStudioVersion = 17.11.35312.102
MinimumVisualStudioVersion = 10.0.40219.1
Project("{FAE04EC0-301F-11D3-BF4B-00C04F79EFBC}") = "01_MainSubjects", "01_MainSubjects\01_MainSubjects.csproj", "{1A3F5A90-9E17-48FD-8F39-74FD6EB80635}"
EndProject
Project("{FAE04EC0-301F-11D3-BF4B-00C04F79EFBC}") = "02_Variables", "02_Variables\02_Variables.csproj", "{A0A644B2-6C96-436D-97C2-BCCD38E883B8}"
EndProject
Project("{FAE04EC0-301F-11D3-BF4B-00C04F79EFBC}") = "03_DecisionStructures", "03_DecisionStructures\03_DecisionStructures.csproj", "{CDC0714E-DF97-4600-96A8-5F06FCC77B30}"
EndProject
Global
	GlobalSection(SolutionConfigurationPlatforms) = preSolution
		Debug|Any CPU = Debug|Any CPU
		Release|Any CPU = Release|Any CPU
	EndGlobalSection
	GlobalSection(ProjectConfigurationPlatforms) = postSolution
		{1A3F5A90-9E17-48FD-8F39-74FD6EB80635}.Debug|Any CPU.ActiveCfg = Debug|Any CPU
		{1A3F5A90-9E17-48FD-8F39-74FD6EB80635}.Debug|Any CPU.Build.0 = Debug|Any CPU
		{1A3F5A90-9E17-48FD-8F39-74FD6EB80635}.Release|Any CPU.ActiveCfg = Release|Any CPU
		{1A3F5A90-9E17-48FD-8F39-74FD6EB80635}.Release|Any CPU.Build.0 = Release|Any CPU
		{A0A644B2-6C96-436D-97C2-BCCD38E883B8}.Debug|Any CPU.ActiveCfg = Debug|Any CPU
		{A0A644B2-6C96-436D-97C2-BCCD38E883B8}.Debug|Any CPU.Build.0 = Debug|Any CPU
		{A0A644B2-6C96-436D-97C2-BCCD38E883B8}.Release|Any CPU.ActiveCfg = Release|Any CPU
		{A0A644B2-6C96-436D-97C2-BCCD38E883B8}.Release|Any CPU.Build.0 = Release|Any CPU
		{CDC0714E-DF97-4600-96A8-5F06FCC77B30}.Debug|Any CPU.ActiveCfg = Debug|Any CPU
		{CDC0714E-DF97-4600-96A8-5F06FCC77B30}.Debug|Any CPU.Build.0 = Debug|Any CPU
		{CDC0714E-DF97-4600-96A8-5F06FCC77B30}.Release|Any CPU.ActiveCfg = Release|Any CPU
		{CDC0714E-DF97-4600-96A8-5F06FCC77B30}.Release|Any CPU.Build.0 = Release|Any CPU
	EndGlobalSection
	GlobalSection(SolutionProperties) = preSolution
		HideSolutionNode = FALSE
	EndGlobalSection
	GlobalSection(ExtensibilityGlobals) = postSolution
		SolutionGuid = {ABA8F639-D4F3-4C89-856D-98DED601180E}
	EndGlobalSection
EndGlobal
